
Microsoft Visual Studio Solution File, Format Version 12.00
# Visual Studio Version 16
VisualStudioVersion = 16.0.32228.343
MinimumVisualStudioVersion = 10.0.40219.1
Project("{FAE04EC0-301F-11D3-BF4B-00C04F79EFBC}") = "ResponsiPemograman21.11.4364", "ResponsiPemograman21.11.4364\ResponsiPemograman21.11.4364.csproj", "{26BD17C1-97D1-437D-8319-595BEA3BB5E1}"
EndProject
Global
	GlobalSection(SolutionConfigurationPlatforms) = preSolution
		Debug|Any CPU = Debug|Any CPU
		Release|Any CPU = Release|Any CPU
	EndGlobalSection
	GlobalSection(ProjectConfigurationPlatforms) = postSolution
		{26BD17C1-97D1-437D-8319-595BEA3BB5E1}.Debug|Any CPU.ActiveCfg = Debug|Any CPU
		{26BD17C1-97D1-437D-8319-595BEA3BB5E1}.Debug|Any CPU.Build.0 = Debug|Any CPU
		{26BD17C1-97D1-437D-8319-595BEA3BB5E1}.Release|Any CPU.ActiveCfg = Release|Any CPU
		{26BD17C1-97D1-437D-8319-595BEA3BB5E1}.Release|Any CPU.Build.0 = Release|Any CPU
	EndGlobalSection
	GlobalSection(SolutionProperties) = preSolution
		HideSolutionNode = FALSE
	EndGlobalSection
	GlobalSection(ExtensibilityGlobals) = postSolution
		SolutionGuid = {D15E9E80-ACF6-446D-9AF5-84C07A7EEDBD}
	EndGlobalSection
EndGlobal
